
Microsoft Visual Studio Solution File, Format Version 12.00
# Visual Studio Version 17
VisualStudioVersion = 17.5.002.0
MinimumVisualStudioVersion = 10.0.40219.1
Project("{9A19103F-16F7-4668-BE54-9A1E7A4F7556}") = "day4", "day4\day4.csproj", "{386037B3-D640-4AC3-AE9B-F92A8F98CFBD}"
EndProject
Project("{9A19103F-16F7-4668-BE54-9A1E7A4F7556}") = "day3", "day3\day3.csproj", "{FB5F1569-C341-4731-B717-1E2F67DF6745}"
EndProject
Project("{9A19103F-16F7-4668-BE54-9A1E7A4F7556}") = "test", "test\test.csproj", "{83B16470-7D48-447B-832B-02CAFE8837F6}"
EndProject
Project("{9A19103F-16F7-4668-BE54-9A1E7A4F7556}") = "day2", "day2\day2.csproj", "{F711BBA2-E128-4179-B126-BED914B96B87}"
EndProject
Project("{9A19103F-16F7-4668-BE54-9A1E7A4F7556}") = "day5", "day5\day5.csproj", "{AD2C9F56-9A59-43F0-8ACE-6E3CFA9900EA}"
EndProject
Project("{9A19103F-16F7-4668-BE54-9A1E7A4F7556}") = "day24", "day24\day24.csproj", "{1947AF77-6105-4EC4-8CFF-C78DAC4288E6}"
EndProject
Project("{9A19103F-16F7-4668-BE54-9A1E7A4F7556}") = "day12", "day12\day12.csproj", "{BEA3FCE8-97FC-46E8-BF3C-27BEBCAB48F7}"
EndProject
Project("{9A19103F-16F7-4668-BE54-9A1E7A4F7556}") = "day15", "day15\day15.csproj", "{B897A3BE-5EAB-46CE-BA53-41E524D69B3B}"
EndProject
Project("{9A19103F-16F7-4668-BE54-9A1E7A4F7556}") = "day14", "day14\day14.csproj", "{A8BF199A-6469-4CB9-9F64-405D301CBDB8}"
EndProject
Project("{9A19103F-16F7-4668-BE54-9A1E7A4F7556}") = "day13", "day13\day13.csproj", "{A156059E-E93D-4C38-865F-DD4CE23B9BAA}"
EndProject
Project("{9A19103F-16F7-4668-BE54-9A1E7A4F7556}") = "day7", "day7\day7.csproj", "{D5919C70-42A5-4C45-91E6-67C610408167}"
EndProject
Project("{9A19103F-16F7-4668-BE54-9A1E7A4F7556}") = "day9", "day9\day9.csproj", "{4B32C1BB-6F39-44BC-8116-449B05212747}"
EndProject
Project("{9A19103F-16F7-4668-BE54-9A1E7A4F7556}") = "day8", "day8\day8.csproj", "{6FD3D2F7-1987-4117-8A80-AAC1A3BE587B}"
EndProject
Project("{9A19103F-16F7-4668-BE54-9A1E7A4F7556}") = "day6", "day6\day6.csproj", "{6155CCD3-4D48-4488-8919-36377B08EBFB}"
EndProject
Project("{9A19103F-16F7-4668-BE54-9A1E7A4F7556}") = "day1", "day1\day1.csproj", "{83C05B09-81D4-4893-88FD-FCE41D0150EB}"
EndProject
Project("{9A19103F-16F7-4668-BE54-9A1E7A4F7556}") = "day16", "day16\day16.csproj", "{1F50B852-95C2-4014-982C-92DF681298EE}"
EndProject
Project("{9A19103F-16F7-4668-BE54-9A1E7A4F7556}") = "day11", "day11\day11.csproj", "{421B3879-1BD8-440F-ABCC-E1797176F268}"
EndProject
Project("{9A19103F-16F7-4668-BE54-9A1E7A4F7556}") = "day10", "day10\day10.csproj", "{49D9CE78-EF8C-457F-B5F5-1DD1BFEE0118}"
EndProject
Project("{9A19103F-16F7-4668-BE54-9A1E7A4F7556}") = "day17", "day17\day17.csproj", "{6BF9DBDD-0240-4B38-B27C-167B8787BA87}"
EndProject
Global
	GlobalSection(SolutionConfigurationPlatforms) = preSolution
		Debug|Any CPU = Debug|Any CPU
		Release|Any CPU = Release|Any CPU
	EndGlobalSection
	GlobalSection(ProjectConfigurationPlatforms) = postSolution
		{386037B3-D640-4AC3-AE9B-F92A8F98CFBD}.Debug|Any CPU.ActiveCfg = Debug|Any CPU
		{386037B3-D640-4AC3-AE9B-F92A8F98CFBD}.Debug|Any CPU.Build.0 = Debug|Any CPU
		{386037B3-D640-4AC3-AE9B-F92A8F98CFBD}.Release|Any CPU.ActiveCfg = Release|Any CPU
		{386037B3-D640-4AC3-AE9B-F92A8F98CFBD}.Release|Any CPU.Build.0 = Release|Any CPU
		{FB5F1569-C341-4731-B717-1E2F67DF6745}.Debug|Any CPU.ActiveCfg = Debug|Any CPU
		{FB5F1569-C341-4731-B717-1E2F67DF6745}.Debug|Any CPU.Build.0 = Debug|Any CPU
		{FB5F1569-C341-4731-B717-1E2F67DF6745}.Release|Any CPU.ActiveCfg = Release|Any CPU
		{FB5F1569-C341-4731-B717-1E2F67DF6745}.Release|Any CPU.Build.0 = Release|Any CPU
		{83B16470-7D48-447B-832B-02CAFE8837F6}.Debug|Any CPU.ActiveCfg = Debug|Any CPU
		{83B16470-7D48-447B-832B-02CAFE8837F6}.Debug|Any CPU.Build.0 = Debug|Any CPU
		{83B16470-7D48-447B-832B-02CAFE8837F6}.Release|Any CPU.ActiveCfg = Release|Any CPU
		{83B16470-7D48-447B-832B-02CAFE8837F6}.Release|Any CPU.Build.0 = Release|Any CPU
		{F711BBA2-E128-4179-B126-BED914B96B87}.Debug|Any CPU.ActiveCfg = Debug|Any CPU
		{F711BBA2-E128-4179-B126-BED914B96B87}.Debug|Any CPU.Build.0 = Debug|Any CPU
		{F711BBA2-E128-4179-B126-BED914B96B87}.Release|Any CPU.ActiveCfg = Release|Any CPU
		{F711BBA2-E128-4179-B126-BED914B96B87}.Release|Any CPU.Build.0 = Release|Any CPU
		{AD2C9F56-9A59-43F0-8ACE-6E3CFA9900EA}.Debug|Any CPU.ActiveCfg = Debug|Any CPU
		{AD2C9F56-9A59-43F0-8ACE-6E3CFA9900EA}.Debug|Any CPU.Build.0 = Debug|Any CPU
		{AD2C9F56-9A59-43F0-8ACE-6E3CFA9900EA}.Release|Any CPU.ActiveCfg = Release|Any CPU
		{AD2C9F56-9A59-43F0-8ACE-6E3CFA9900EA}.Release|Any CPU.Build.0 = Release|Any CPU
		{1947AF77-6105-4EC4-8CFF-C78DAC4288E6}.Debug|Any CPU.ActiveCfg = Debug|Any CPU
		{1947AF77-6105-4EC4-8CFF-C78DAC4288E6}.Debug|Any CPU.Build.0 = Debug|Any CPU
		{1947AF77-6105-4EC4-8CFF-C78DAC4288E6}.Release|Any CPU.ActiveCfg = Release|Any CPU
		{1947AF77-6105-4EC4-8CFF-C78DAC4288E6}.Release|Any CPU.Build.0 = Release|Any CPU
		{BEA3FCE8-97FC-46E8-BF3C-27BEBCAB48F7}.Debug|Any CPU.ActiveCfg = Debug|Any CPU
		{BEA3FCE8-97FC-46E8-BF3C-27BEBCAB48F7}.Debug|Any CPU.Build.0 = Debug|Any CPU
		{BEA3FCE8-97FC-46E8-BF3C-27BEBCAB48F7}.Release|Any CPU.ActiveCfg = Release|Any CPU
		{BEA3FCE8-97FC-46E8-BF3C-27BEBCAB48F7}.Release|Any CPU.Build.0 = Release|Any CPU
		{B897A3BE-5EAB-46CE-BA53-41E524D69B3B}.Debug|Any CPU.ActiveCfg = Debug|Any CPU
		{B897A3BE-5EAB-46CE-BA53-41E524D69B3B}.Debug|Any CPU.Build.0 = Debug|Any CPU
		{B897A3BE-5EAB-46CE-BA53-41E524D69B3B}.Release|Any CPU.ActiveCfg = Release|Any CPU
		{B897A3BE-5EAB-46CE-BA53-41E524D69B3B}.Release|Any CPU.Build.0 = Release|Any CPU
		{A8BF199A-6469-4CB9-9F64-405D301CBDB8}.Debug|Any CPU.ActiveCfg = Debug|Any CPU
		{A8BF199A-6469-4CB9-9F64-405D301CBDB8}.Debug|Any CPU.Build.0 = Debug|Any CPU
		{A8BF199A-6469-4CB9-9F64-405D301CBDB8}.Release|Any CPU.ActiveCfg = Release|Any CPU
		{A8BF199A-6469-4CB9-9F64-405D301CBDB8}.Release|Any CPU.Build.0 = Release|Any CPU
		{A156059E-E93D-4C38-865F-DD4CE23B9BAA}.Debug|Any CPU.ActiveCfg = Debug|Any CPU
		{A156059E-E93D-4C38-865F-DD4CE23B9BAA}.Debug|Any CPU.Build.0 = Debug|Any CPU
		{A156059E-E93D-4C38-865F-DD4CE23B9BAA}.Release|Any CPU.ActiveCfg = Release|Any CPU
		{A156059E-E93D-4C38-865F-DD4CE23B9BAA}.Release|Any CPU.Build.0 = Release|Any CPU
		{D5919C70-42A5-4C45-91E6-67C610408167}.Debug|Any CPU.ActiveCfg = Debug|Any CPU
		{D5919C70-42A5-4C45-91E6-67C610408167}.Debug|Any CPU.Build.0 = Debug|Any CPU
		{D5919C70-42A5-4C45-91E6-67C610408167}.Release|Any CPU.ActiveCfg = Release|Any CPU
		{D5919C70-42A5-4C45-91E6-67C610408167}.Release|Any CPU.Build.0 = Release|Any CPU
		{4B32C1BB-6F39-44BC-8116-449B05212747}.Debug|Any CPU.ActiveCfg = Debug|Any CPU
		{4B32C1BB-6F39-44BC-8116-449B05212747}.Debug|Any CPU.Build.0 = Debug|Any CPU
		{4B32C1BB-6F39-44BC-8116-449B05212747}.Release|Any CPU.ActiveCfg = Release|Any CPU
		{4B32C1BB-6F39-44BC-8116-449B05212747}.Release|Any CPU.Build.0 = Release|Any CPU
		{6FD3D2F7-1987-4117-8A80-AAC1A3BE587B}.Debug|Any CPU.ActiveCfg = Debug|Any CPU
		{6FD3D2F7-1987-4117-8A80-AAC1A3BE587B}.Debug|Any CPU.Build.0 = Debug|Any CPU
		{6FD3D2F7-1987-4117-8A80-AAC1A3BE587B}.Release|Any CPU.ActiveCfg = Release|Any CPU
		{6FD3D2F7-1987-4117-8A80-AAC1A3BE587B}.Release|Any CPU.Build.0 = Release|Any CPU
		{6155CCD3-4D48-4488-8919-36377B08EBFB}.Debug|Any CPU.ActiveCfg = Debug|Any CPU
		{6155CCD3-4D48-4488-8919-36377B08EBFB}.Debug|Any CPU.Build.0 = Debug|Any CPU
		{6155CCD3-4D48-4488-8919-36377B08EBFB}.Release|Any CPU.ActiveCfg = Release|Any CPU
		{6155CCD3-4D48-4488-8919-36377B08EBFB}.Release|Any CPU.Build.0 = Release|Any CPU
		{83C05B09-81D4-4893-88FD-FCE41D0150EB}.Debug|Any CPU.ActiveCfg = Debug|Any CPU
		{83C05B09-81D4-4893-88FD-FCE41D0150EB}.Debug|Any CPU.Build.0 = Debug|Any CPU
		{83C05B09-81D4-4893-88FD-FCE41D0150EB}.Release|Any CPU.ActiveCfg = Release|Any CPU
		{83C05B09-81D4-4893-88FD-FCE41D0150EB}.Release|Any CPU.Build.0 = Release|Any CPU
		{1F50B852-95C2-4014-982C-92DF681298EE}.Debug|Any CPU.ActiveCfg = Debug|Any CPU
		{1F50B852-95C2-4014-982C-92DF681298EE}.Debug|Any CPU.Build.0 = Debug|Any CPU
		{1F50B852-95C2-4014-982C-92DF681298EE}.Release|Any CPU.ActiveCfg = Release|Any CPU
		{1F50B852-95C2-4014-982C-92DF681298EE}.Release|Any CPU.Build.0 = Release|Any CPU
		{421B3879-1BD8-440F-ABCC-E1797176F268}.Debug|Any CPU.ActiveCfg = Debug|Any CPU
		{421B3879-1BD8-440F-ABCC-E1797176F268}.Debug|Any CPU.Build.0 = Debug|Any CPU
		{421B3879-1BD8-440F-ABCC-E1797176F268}.Release|Any CPU.ActiveCfg = Release|Any CPU
		{421B3879-1BD8-440F-ABCC-E1797176F268}.Release|Any CPU.Build.0 = Release|Any CPU
		{49D9CE78-EF8C-457F-B5F5-1DD1BFEE0118}.Debug|Any CPU.ActiveCfg = Debug|Any CPU
		{49D9CE78-EF8C-457F-B5F5-1DD1BFEE0118}.Debug|Any CPU.Build.0 = Debug|Any CPU
		{49D9CE78-EF8C-457F-B5F5-1DD1BFEE0118}.Release|Any CPU.ActiveCfg = Release|Any CPU
		{49D9CE78-EF8C-457F-B5F5-1DD1BFEE0118}.Release|Any CPU.Build.0 = Release|Any CPU
		{6BF9DBDD-0240-4B38-B27C-167B8787BA87}.Debug|Any CPU.ActiveCfg = Debug|Any CPU
		{6BF9DBDD-0240-4B38-B27C-167B8787BA87}.Debug|Any CPU.Build.0 = Debug|Any CPU
		{6BF9DBDD-0240-4B38-B27C-167B8787BA87}.Release|Any CPU.ActiveCfg = Release|Any CPU
		{6BF9DBDD-0240-4B38-B27C-167B8787BA87}.Release|Any CPU.Build.0 = Release|Any CPU
	EndGlobalSection
	GlobalSection(SolutionProperties) = preSolution
		HideSolutionNode = FALSE
	EndGlobalSection
	GlobalSection(ExtensibilityGlobals) = postSolution
		SolutionGuid = {72763EE0-BAC1-485D-BEDD-45F5F81D2D2B}
	EndGlobalSection
EndGlobal
